// !$*UTF8*$!
{
	archiveVersion = 1;
	classes = {
	};
	objectVersion = 46;
	objects = {

/* Begin PBXBuildFile section */
		D492D12F19539E7600F4F534 /* Foundation.framework in Frameworks */ = {isa = PBXBuildFile; fileRef = D492D12E19539E7600F4F534 /* Foundation.framework */; };
		D492D13119539E7600F4F534 /* CoreGraphics.framework in Frameworks */ = {isa = PBXBuildFile; fileRef = D492D13019539E7600F4F534 /* CoreGraphics.framework */; };
		D492D13319539E7600F4F534 /* UIKit.framework in Frameworks */ = {isa = PBXBuildFile; fileRef = D492D13219539E7600F4F534 /* UIKit.framework */; };
		D492D13919539E7600F4F534 /* InfoPlist.strings in Resources */ = {isa = PBXBuildFile; fileRef = D492D13719539E7600F4F534 /* InfoPlist.strings */; };
		D492D13B19539E7600F4F534 /* main.m in Sources */ = {isa = PBXBuildFile; fileRef = D492D13A19539E7600F4F534 /* main.m */; };
		D492D13F19539E7600F4F534 /* AppDelegate.m in Sources */ = {isa = PBXBuildFile; fileRef = D492D13E19539E7600F4F534 /* AppDelegate.m */; };
		D492D14219539E7600F4F534 /* Main_iPhone.storyboard in Resources */ = {isa = PBXBuildFile; fileRef = D492D14019539E7600F4F534 /* Main_iPhone.storyboard */; };
		D492D14519539E7600F4F534 /* Main_iPad.storyboard in Resources */ = {isa = PBXBuildFile; fileRef = D492D14319539E7600F4F534 /* Main_iPad.storyboard */; };
		D492D14819539E7600F4F534 /* ViewController.m in Sources */ = {isa = PBXBuildFile; fileRef = D492D14719539E7600F4F534 /* ViewController.m */; };
		D492D14A19539E7600F4F534 /* Images.xcassets in Resources */ = {isa = PBXBuildFile; fileRef = D492D14919539E7600F4F534 /* Images.xcassets */; };
		D492D15119539E7600F4F534 /* XCTest.framework in Frameworks */ = {isa = PBXBuildFile; fileRef = D492D15019539E7600F4F534 /* XCTest.framework */; };
		D492D15219539E7600F4F534 /* Foundation.framework in Frameworks */ = {isa = PBXBuildFile; fileRef = D492D12E19539E7600F4F534 /* Foundation.framework */; };
		D492D15319539E7600F4F534 /* UIKit.framework in Frameworks */ = {isa = PBXBuildFile; fileRef = D492D13219539E7600F4F534 /* UIKit.framework */; };
		D492D15B19539E7600F4F534 /* InfoPlist.strings in Resources */ = {isa = PBXBuildFile; fileRef = D492D15919539E7600F4F534 /* InfoPlist.strings */; };
		D492D15D19539E7600F4F534 /* Teapot_PublisherTests.m in Sources */ = {isa = PBXBuildFile; fileRef = D492D15C19539E7600F4F534 /* Teapot_PublisherTests.m */; };
		D492D16819539ED000F4F534 /* TeapotVideoCapture.m in Sources */ = {isa = PBXBuildFile; fileRef = D492D16719539ED000F4F534 /* TeapotVideoCapture.m */; };
		D492D17C19539F0900F4F534 /* libstdc++.dylib in Frameworks */ = {isa = PBXBuildFile; fileRef = D492D16A19539F0900F4F534 /* libstdc++.dylib */; };
		D492D17D19539F0900F4F534 /* libstdc++.6.0.9.dylib in Frameworks */ = {isa = PBXBuildFile; fileRef = D492D16B19539F0900F4F534 /* libstdc++.6.0.9.dylib */; };
		D492D17E19539F0900F4F534 /* libpthread.dylib in Frameworks */ = {isa = PBXBuildFile; fileRef = D492D16C19539F0900F4F534 /* libpthread.dylib */; };
		D492D17F19539F0900F4F534 /* libsqlite3.dylib in Frameworks */ = {isa = PBXBuildFile; fileRef = D492D16D19539F0900F4F534 /* libsqlite3.dylib */; };
		D492D18019539F0900F4F534 /* libxml2.dylib in Frameworks */ = {isa = PBXBuildFile; fileRef = D492D16E19539F0900F4F534 /* libxml2.dylib */; };
		D492D18119539F0900F4F534 /* GLKit.framework in Frameworks */ = {isa = PBXBuildFile; fileRef = D492D16F19539F0900F4F534 /* GLKit.framework */; };
		D492D18219539F0900F4F534 /* SystemConfiguration.framework in Frameworks */ = {isa = PBXBuildFile; fileRef = D492D17019539F0900F4F534 /* SystemConfiguration.framework */; };
		D492D18319539F0900F4F534 /* CoreTelephony.framework in Frameworks */ = {isa = PBXBuildFile; fileRef = D492D17119539F0900F4F534 /* CoreTelephony.framework */; };
		D492D18419539F0900F4F534 /* OpenGLES.framework in Frameworks */ = {isa = PBXBuildFile; fileRef = D492D17219539F0900F4F534 /* OpenGLES.framework */; };
		D492D18519539F0900F4F534 /* CoreVideo.framework in Frameworks */ = {isa = PBXBuildFile; fileRef = D492D17319539F0900F4F534 /* CoreVideo.framework */; };
		D492D18619539F0900F4F534 /* CoreMedia.framework in Frameworks */ = {isa = PBXBuildFile; fileRef = D492D17419539F0900F4F534 /* CoreMedia.framework */; };
		D492D18719539F0900F4F534 /* AudioToolbox.framework in Frameworks */ = {isa = PBXBuildFile; fileRef = D492D17519539F0900F4F534 /* AudioToolbox.framework */; };
		D492D18819539F0900F4F534 /* AVFoundation.framework in Frameworks */ = {isa = PBXBuildFile; fileRef = D492D17619539F0900F4F534 /* AVFoundation.framework */; };
		D492D18919539F0900F4F534 /* QuartzCore.framework in Frameworks */ = {isa = PBXBuildFile; fileRef = D492D17719539F0900F4F534 /* QuartzCore.framework */; };
		D492D18A19539F0900F4F534 /* Foundation.framework in Frameworks */ = {isa = PBXBuildFile; fileRef = D492D17819539F0900F4F534 /* Foundation.framework */; };
		D492D18B19539F0900F4F534 /* CoreGraphics.framework in Frameworks */ = {isa = PBXBuildFile; fileRef = D492D17919539F0900F4F534 /* CoreGraphics.framework */; };
		D492D18C19539F0900F4F534 /* UIKit.framework in Frameworks */ = {isa = PBXBuildFile; fileRef = D492D17A19539F0900F4F534 /* UIKit.framework */; };
		D492D18E19539F2E00F4F534 /* OpenTok.framework in Frameworks */ = {isa = PBXBuildFile; fileRef = D492D18D19539F2E00F4F534 /* OpenTok.framework */; };
/* End PBXBuildFile section */

/* Begin PBXContainerItemProxy section */
		D492D15419539E7600F4F534 /* PBXContainerItemProxy */ = {
			isa = PBXContainerItemProxy;
			containerPortal = D492D12319539E7600F4F534 /* Project object */;
			proxyType = 1;
			remoteGlobalIDString = D492D12A19539E7600F4F534;
			remoteInfo = "Teapot Publisher";
		};
/* End PBXContainerItemProxy section */

/* Begin PBXFileReference section */
		D492D12B19539E7600F4F534 /* Teapot Publisher.app */ = {isa = PBXFileReference; explicitFileType = wrapper.application; includeInIndex = 0; path = "Teapot Publisher.app"; sourceTree = BUILT_PRODUCTS_DIR; };
		D492D12E19539E7600F4F534 /* Foundation.framework */ = {isa = PBXFileReference; lastKnownFileType = wrapper.framework; name = Foundation.framework; path = System/Library/Frameworks/Foundation.framework; sourceTree = SDKROOT; };
		D492D13019539E7600F4F534 /* CoreGraphics.framework */ = {isa = PBXFileReference; lastKnownFileType = wrapper.framework; name = CoreGraphics.framework; path = System/Library/Frameworks/CoreGraphics.framework; sourceTree = SDKROOT; };
		D492D13219539E7600F4F534 /* UIKit.framework */ = {isa = PBXFileReference; lastKnownFileType = wrapper.framework; name = UIKit.framework; path = System/Library/Frameworks/UIKit.framework; sourceTree = SDKROOT; };
		D492D13619539E7600F4F534 /* Teapot Publisher-Info.plist */ = {isa = PBXFileReference; lastKnownFileType = text.plist.xml; path = "Teapot Publisher-Info.plist"; sourceTree = "<group>"; };
		D492D13819539E7600F4F534 /* en */ = {isa = PBXFileReference; lastKnownFileType = text.plist.strings; name = en; path = en.lproj/InfoPlist.strings; sourceTree = "<group>"; };
		D492D13A19539E7600F4F534 /* main.m */ = {isa = PBXFileReference; lastKnownFileType = sourcecode.c.objc; path = main.m; sourceTree = "<group>"; };
		D492D13C19539E7600F4F534 /* Teapot Publisher-Prefix.pch */ = {isa = PBXFileReference; lastKnownFileType = sourcecode.c.h; path = "Teapot Publisher-Prefix.pch"; sourceTree = "<group>"; };
		D492D13D19539E7600F4F534 /* AppDelegate.h */ = {isa = PBXFileReference; lastKnownFileType = sourcecode.c.h; path = AppDelegate.h; sourceTree = "<group>"; };
		D492D13E19539E7600F4F534 /* AppDelegate.m */ = {isa = PBXFileReference; lastKnownFileType = sourcecode.c.objc; path = AppDelegate.m; sourceTree = "<group>"; };
		D492D14119539E7600F4F534 /* Base */ = {isa = PBXFileReference; lastKnownFileType = file.storyboard; name = Base; path = Base.lproj/Main_iPhone.storyboard; sourceTree = "<group>"; };
		D492D14419539E7600F4F534 /* Base */ = {isa = PBXFileReference; lastKnownFileType = file.storyboard; name = Base; path = Base.lproj/Main_iPad.storyboard; sourceTree = "<group>"; };
		D492D14619539E7600F4F534 /* ViewController.h */ = {isa = PBXFileReference; lastKnownFileType = sourcecode.c.h; path = ViewController.h; sourceTree = "<group>"; };
		D492D14719539E7600F4F534 /* ViewController.m */ = {isa = PBXFileReference; lastKnownFileType = sourcecode.c.objc; path = ViewController.m; sourceTree = "<group>"; };
		D492D14919539E7600F4F534 /* Images.xcassets */ = {isa = PBXFileReference; lastKnownFileType = folder.assetcatalog; path = Images.xcassets; sourceTree = "<group>"; };
		D492D14F19539E7600F4F534 /* Teapot PublisherTests.xctest */ = {isa = PBXFileReference; explicitFileType = wrapper.cfbundle; includeInIndex = 0; path = "Teapot PublisherTests.xctest"; sourceTree = BUILT_PRODUCTS_DIR; };
		D492D15019539E7600F4F534 /* XCTest.framework */ = {isa = PBXFileReference; lastKnownFileType = wrapper.framework; name = XCTest.framework; path = Library/Frameworks/XCTest.framework; sourceTree = DEVELOPER_DIR; };
		D492D15819539E7600F4F534 /* Teapot PublisherTests-Info.plist */ = {isa = PBXFileReference; lastKnownFileType = text.plist.xml; path = "Teapot PublisherTests-Info.plist"; sourceTree = "<group>"; };
		D492D15A19539E7600F4F534 /* en */ = {isa = PBXFileReference; lastKnownFileType = text.plist.strings; name = en; path = en.lproj/InfoPlist.strings; sourceTree = "<group>"; };
		D492D15C19539E7600F4F534 /* Teapot_PublisherTests.m */ = {isa = PBXFileReference; lastKnownFileType = sourcecode.c.objc; path = Teapot_PublisherTests.m; sourceTree = "<group>"; };
		D492D16619539ED000F4F534 /* TeapotVideoCapture.h */ = {isa = PBXFileReference; fileEncoding = 4; lastKnownFileType = sourcecode.c.h; path = TeapotVideoCapture.h; sourceTree = "<group>"; };
		D492D16719539ED000F4F534 /* TeapotVideoCapture.m */ = {isa = PBXFileReference; fileEncoding = 4; lastKnownFileType = sourcecode.c.objc; path = TeapotVideoCapture.m; sourceTree = "<group>"; };
		D492D16A19539F0900F4F534 /* libstdc++.dylib */ = {isa = PBXFileReference; lastKnownFileType = "compiled.mach-o.dylib"; name = "libstdc++.dylib"; path = "usr/lib/libstdc++.dylib"; sourceTree = SDKROOT; };
		D492D16B19539F0900F4F534 /* libstdc++.6.0.9.dylib */ = {isa = PBXFileReference; lastKnownFileType = "compiled.mach-o.dylib"; name = "libstdc++.6.0.9.dylib"; path = "usr/lib/libstdc++.6.0.9.dylib"; sourceTree = SDKROOT; };
		D492D16C19539F0900F4F534 /* libpthread.dylib */ = {isa = PBXFileReference; lastKnownFileType = "compiled.mach-o.dylib"; name = libpthread.dylib; path = usr/lib/libpthread.dylib; sourceTree = SDKROOT; };
		D492D16D19539F0900F4F534 /* libsqlite3.dylib */ = {isa = PBXFileReference; lastKnownFileType = "compiled.mach-o.dylib"; name = libsqlite3.dylib; path = usr/lib/libsqlite3.dylib; sourceTree = SDKROOT; };
		D492D16E19539F0900F4F534 /* libxml2.dylib */ = {isa = PBXFileReference; lastKnownFileType = "compiled.mach-o.dylib"; name = libxml2.dylib; path = usr/lib/libxml2.dylib; sourceTree = SDKROOT; };
		D492D16F19539F0900F4F534 /* GLKit.framework */ = {isa = PBXFileReference; lastKnownFileType = wrapper.framework; name = GLKit.framework; path = System/Library/Frameworks/GLKit.framework; sourceTree = SDKROOT; };
		D492D17019539F0900F4F534 /* SystemConfiguration.framework */ = {isa = PBXFileReference; lastKnownFileType = wrapper.framework; name = SystemConfiguration.framework; path = System/Library/Frameworks/SystemConfiguration.framework; sourceTree = SDKROOT; };
		D492D17119539F0900F4F534 /* CoreTelephony.framework */ = {isa = PBXFileReference; lastKnownFileType = wrapper.framework; name = CoreTelephony.framework; path = System/Library/Frameworks/CoreTelephony.framework; sourceTree = SDKROOT; };
		D492D17219539F0900F4F534 /* OpenGLES.framework */ = {isa = PBXFileReference; lastKnownFileType = wrapper.framework; name = OpenGLES.framework; path = System/Library/Frameworks/OpenGLES.framework; sourceTree = SDKROOT; };
		D492D17319539F0900F4F534 /* CoreVideo.framework */ = {isa = PBXFileReference; lastKnownFileType = wrapper.framework; name = CoreVideo.framework; path = System/Library/Frameworks/CoreVideo.framework; sourceTree = SDKROOT; };
		D492D17419539F0900F4F534 /* CoreMedia.framework */ = {isa = PBXFileReference; lastKnownFileType = wrapper.framework; name = CoreMedia.framework; path = System/Library/Frameworks/CoreMedia.framework; sourceTree = SDKROOT; };
		D492D17519539F0900F4F534 /* AudioToolbox.framework */ = {isa = PBXFileReference; lastKnownFileType = wrapper.framework; name = AudioToolbox.framework; path = System/Library/Frameworks/AudioToolbox.framework; sourceTree = SDKROOT; };
		D492D17619539F0900F4F534 /* AVFoundation.framework */ = {isa = PBXFileReference; lastKnownFileType = wrapper.framework; name = AVFoundation.framework; path = System/Library/Frameworks/AVFoundation.framework; sourceTree = SDKROOT; };
		D492D17719539F0900F4F534 /* QuartzCore.framework */ = {isa = PBXFileReference; lastKnownFileType = wrapper.framework; name = QuartzCore.framework; path = System/Library/Frameworks/QuartzCore.framework; sourceTree = SDKROOT; };
		D492D17819539F0900F4F534 /* Foundation.framework */ = {isa = PBXFileReference; lastKnownFileType = wrapper.framework; name = Foundation.framework; path = System/Library/Frameworks/Foundation.framework; sourceTree = SDKROOT; };
		D492D17919539F0900F4F534 /* CoreGraphics.framework */ = {isa = PBXFileReference; lastKnownFileType = wrapper.framework; name = CoreGraphics.framework; path = System/Library/Frameworks/CoreGraphics.framework; sourceTree = SDKROOT; };
		D492D17A19539F0900F4F534 /* UIKit.framework */ = {isa = PBXFileReference; lastKnownFileType = wrapper.framework; name = UIKit.framework; path = System/Library/Frameworks/UIKit.framework; sourceTree = SDKROOT; };
		D492D18D19539F2E00F4F534 /* OpenTok.framework */ = {isa = PBXFileReference; lastKnownFileType = wrapper.framework; path = OpenTok.framework; sourceTree = "<group>"; };
		D492D18F1953A39F00F4F534 /* teapot.h */ = {isa = PBXFileReference; lastKnownFileType = sourcecode.c.h; path = teapot.h; sourceTree = "<group>"; };
/* End PBXFileReference section */

/* Begin PBXFrameworksBuildPhase section */
		D492D12819539E7600F4F534 /* Frameworks */ = {
			isa = PBXFrameworksBuildPhase;
			buildActionMask = 2147483647;
			files = (
				D492D13119539E7600F4F534 /* CoreGraphics.framework in Frameworks */,
				D492D18E19539F2E00F4F534 /* OpenTok.framework in Frameworks */,
				D492D17E19539F0900F4F534 /* libpthread.dylib in Frameworks */,
				D492D18019539F0900F4F534 /* libxml2.dylib in Frameworks */,
				D492D18419539F0900F4F534 /* OpenGLES.framework in Frameworks */,
				D492D18319539F0900F4F534 /* CoreTelephony.framework in Frameworks */,
				D492D17C19539F0900F4F534 /* libstdc++.dylib in Frameworks */,
				D492D18A19539F0900F4F534 /* Foundation.framework in Frameworks */,
				D492D18B19539F0900F4F534 /* CoreGraphics.framework in Frameworks */,
				D492D18519539F0900F4F534 /* CoreVideo.framework in Frameworks */,
				D492D18919539F0900F4F534 /* QuartzCore.framework in Frameworks */,
				D492D13319539E7600F4F534 /* UIKit.framework in Frameworks */,
				D492D18619539F0900F4F534 /* CoreMedia.framework in Frameworks */,
				D492D18219539F0900F4F534 /* SystemConfiguration.framework in Frameworks */,
				D492D18819539F0900F4F534 /* AVFoundation.framework in Frameworks */,
				D492D18719539F0900F4F534 /* AudioToolbox.framework in Frameworks */,
				D492D12F19539E7600F4F534 /* Foundation.framework in Frameworks */,
				D492D17F19539F0900F4F534 /* libsqlite3.dylib in Frameworks */,
				D492D18119539F0900F4F534 /* GLKit.framework in Frameworks */,
				D492D18C19539F0900F4F534 /* UIKit.framework in Frameworks */,
				D492D17D19539F0900F4F534 /* libstdc++.6.0.9.dylib in Frameworks */,
			);
			runOnlyForDeploymentPostprocessing = 0;
		};
		D492D14C19539E7600F4F534 /* Frameworks */ = {
			isa = PBXFrameworksBuildPhase;
			buildActionMask = 2147483647;
			files = (
				D492D15119539E7600F4F534 /* XCTest.framework in Frameworks */,
				D492D15319539E7600F4F534 /* UIKit.framework in Frameworks */,
				D492D15219539E7600F4F534 /* Foundation.framework in Frameworks */,
			);
			runOnlyForDeploymentPostprocessing = 0;
		};
/* End PBXFrameworksBuildPhase section */

/* Begin PBXGroup section */
		D492D12219539E7600F4F534 = {
			isa = PBXGroup;
			children = (
				D492D13419539E7600F4F534 /* Teapot Publisher */,
				D492D15619539E7600F4F534 /* Teapot PublisherTests */,
				D492D12D19539E7600F4F534 /* Frameworks */,
				D492D12C19539E7600F4F534 /* Products */,
			);
			sourceTree = "<group>";
		};
		D492D12C19539E7600F4F534 /* Products */ = {
			isa = PBXGroup;
			children = (
				D492D12B19539E7600F4F534 /* Teapot Publisher.app */,
				D492D14F19539E7600F4F534 /* Teapot PublisherTests.xctest */,
			);
			name = Products;
			sourceTree = "<group>";
		};
		D492D12D19539E7600F4F534 /* Frameworks */ = {
			isa = PBXGroup;
			children = (
				D492D18D19539F2E00F4F534 /* OpenTok.framework */,
				D492D16A19539F0900F4F534 /* libstdc++.dylib */,
				D492D16B19539F0900F4F534 /* libstdc++.6.0.9.dylib */,
				D492D16C19539F0900F4F534 /* libpthread.dylib */,
				D492D16D19539F0900F4F534 /* libsqlite3.dylib */,
				D492D16E19539F0900F4F534 /* libxml2.dylib */,
				D492D16F19539F0900F4F534 /* GLKit.framework */,
				D492D17019539F0900F4F534 /* SystemConfiguration.framework */,
				D492D17119539F0900F4F534 /* CoreTelephony.framework */,
				D492D17219539F0900F4F534 /* OpenGLES.framework */,
				D492D17319539F0900F4F534 /* CoreVideo.framework */,
				D492D17419539F0900F4F534 /* CoreMedia.framework */,
				D492D17519539F0900F4F534 /* AudioToolbox.framework */,
				D492D17619539F0900F4F534 /* AVFoundation.framework */,
				D492D17719539F0900F4F534 /* QuartzCore.framework */,
				D492D17819539F0900F4F534 /* Foundation.framework */,
				D492D17919539F0900F4F534 /* CoreGraphics.framework */,
				D492D17A19539F0900F4F534 /* UIKit.framework */,
				D492D12E19539E7600F4F534 /* Foundation.framework */,
				D492D13019539E7600F4F534 /* CoreGraphics.framework */,
				D492D13219539E7600F4F534 /* UIKit.framework */,
				D492D15019539E7600F4F534 /* XCTest.framework */,
			);
			name = Frameworks;
			sourceTree = "<group>";
		};
		D492D13419539E7600F4F534 /* Teapot Publisher */ = {
			isa = PBXGroup;
			children = (
				D492D18F1953A39F00F4F534 /* teapot.h */,
				D492D16619539ED000F4F534 /* TeapotVideoCapture.h */,
				D492D16719539ED000F4F534 /* TeapotVideoCapture.m */,
				D492D13D19539E7600F4F534 /* AppDelegate.h */,
				D492D13E19539E7600F4F534 /* AppDelegate.m */,
				D492D14019539E7600F4F534 /* Main_iPhone.storyboard */,
				D492D14319539E7600F4F534 /* Main_iPad.storyboard */,
				D492D14619539E7600F4F534 /* ViewController.h */,
				D492D14719539E7600F4F534 /* ViewController.m */,
				D492D14919539E7600F4F534 /* Images.xcassets */,
				D492D13519539E7600F4F534 /* Supporting Files */,
			);
			path = "Teapot Publisher";
			sourceTree = "<group>";
		};
		D492D13519539E7600F4F534 /* Supporting Files */ = {
			isa = PBXGroup;
			children = (
				D492D13619539E7600F4F534 /* Teapot Publisher-Info.plist */,
				D492D13719539E7600F4F534 /* InfoPlist.strings */,
				D492D13A19539E7600F4F534 /* main.m */,
				D492D13C19539E7600F4F534 /* Teapot Publisher-Prefix.pch */,
			);
			name = "Supporting Files";
			sourceTree = "<group>";
		};
		D492D15619539E7600F4F534 /* Teapot PublisherTests */ = {
			isa = PBXGroup;
			children = (
				D492D15C19539E7600F4F534 /* Teapot_PublisherTests.m */,
				D492D15719539E7600F4F534 /* Supporting Files */,
			);
			path = "Teapot PublisherTests";
			sourceTree = "<group>";
		};
		D492D15719539E7600F4F534 /* Supporting Files */ = {
			isa = PBXGroup;
			children = (
				D492D15819539E7600F4F534 /* Teapot PublisherTests-Info.plist */,
				D492D15919539E7600F4F534 /* InfoPlist.strings */,
			);
			name = "Supporting Files";
			sourceTree = "<group>";
		};
/* End PBXGroup section */

/* Begin PBXNativeTarget section */
		D492D12A19539E7600F4F534 /* Teapot Publisher */ = {
			isa = PBXNativeTarget;
			buildConfigurationList = D492D16019539E7600F4F534 /* Build configuration list for PBXNativeTarget "Teapot Publisher" */;
			buildPhases = (
				D492D12719539E7600F4F534 /* Sources */,
				D492D12819539E7600F4F534 /* Frameworks */,
				D492D12919539E7600F4F534 /* Resources */,
			);
			buildRules = (
			);
			dependencies = (
			);
			name = "Teapot Publisher";
			productName = "Teapot Publisher";
			productReference = D492D12B19539E7600F4F534 /* Teapot Publisher.app */;
			productType = "com.apple.product-type.application";
		};
		D492D14E19539E7600F4F534 /* Teapot PublisherTests */ = {
			isa = PBXNativeTarget;
			buildConfigurationList = D492D16319539E7600F4F534 /* Build configuration list for PBXNativeTarget "Teapot PublisherTests" */;
			buildPhases = (
				D492D14B19539E7600F4F534 /* Sources */,
				D492D14C19539E7600F4F534 /* Frameworks */,
				D492D14D19539E7600F4F534 /* Resources */,
			);
			buildRules = (
			);
			dependencies = (
				D492D15519539E7600F4F534 /* PBXTargetDependency */,
			);
			name = "Teapot PublisherTests";
			productName = "Teapot PublisherTests";
			productReference = D492D14F19539E7600F4F534 /* Teapot PublisherTests.xctest */;
			productType = "com.apple.product-type.bundle.unit-test";
		};
/* End PBXNativeTarget section */

/* Begin PBXProject section */
		D492D12319539E7600F4F534 /* Project object */ = {
			isa = PBXProject;
			attributes = {
				LastUpgradeCheck = 0510;
				TargetAttributes = {
					D492D14E19539E7600F4F534 = {
						TestTargetID = D492D12A19539E7600F4F534;
					};
				};
			};
			buildConfigurationList = D492D12619539E7600F4F534 /* Build configuration list for PBXProject "Teapot Publisher" */;
			compatibilityVersion = "Xcode 3.2";
			developmentRegion = English;
			hasScannedForEncodings = 0;
			knownRegions = (
				en,
				Base,
			);
			mainGroup = D492D12219539E7600F4F534;
			productRefGroup = D492D12C19539E7600F4F534 /* Products */;
			projectDirPath = "";
			projectRoot = "";
			targets = (
				D492D12A19539E7600F4F534 /* Teapot Publisher */,
				D492D14E19539E7600F4F534 /* Teapot PublisherTests */,
			);
		};
/* End PBXProject section */

/* Begin PBXResourcesBuildPhase section */
		D492D12919539E7600F4F534 /* Resources */ = {
			isa = PBXResourcesBuildPhase;
			buildActionMask = 2147483647;
			files = (
				D492D14519539E7600F4F534 /* Main_iPad.storyboard in Resources */,
				D492D14A19539E7600F4F534 /* Images.xcassets in Resources */,
				D492D14219539E7600F4F534 /* Main_iPhone.storyboard in Resources */,
				D492D13919539E7600F4F534 /* InfoPlist.strings in Resources */,
			);
			runOnlyForDeploymentPostprocessing = 0;
		};
		D492D14D19539E7600F4F534 /* Resources */ = {
			isa = PBXResourcesBuildPhase;
			buildActionMask = 2147483647;
			files = (
				D492D15B19539E7600F4F534 /* InfoPlist.strings in Resources */,
			);
			runOnlyForDeploymentPostprocessing = 0;
		};
/* End PBXResourcesBuildPhase section */

/* Begin PBXSourcesBuildPhase section */
		D492D12719539E7600F4F534 /* Sources */ = {
			isa = PBXSourcesBuildPhase;
			buildActionMask = 2147483647;
			files = (
				D492D14819539E7600F4F534 /* ViewController.m in Sources */,
				D492D16819539ED000F4F534 /* TeapotVideoCapture.m in Sources */,
				D492D13F19539E7600F4F534 /* AppDelegate.m in Sources */,
				D492D13B19539E7600F4F534 /* main.m in Sources */,
			);
			runOnlyForDeploymentPostprocessing = 0;
		};
		D492D14B19539E7600F4F534 /* Sources */ = {
			isa = PBXSourcesBuildPhase;
			buildActionMask = 2147483647;
			files = (
				D492D15D19539E7600F4F534 /* Teapot_PublisherTests.m in Sources */,
			);
			runOnlyForDeploymentPostprocessing = 0;
		};
/* End PBXSourcesBuildPhase section */

/* Begin PBXTargetDependency section */
		D492D15519539E7600F4F534 /* PBXTargetDependency */ = {
			isa = PBXTargetDependency;
			target = D492D12A19539E7600F4F534 /* Teapot Publisher */;
			targetProxy = D492D15419539E7600F4F534 /* PBXContainerItemProxy */;
		};
/* End PBXTargetDependency section */

/* Begin PBXVariantGroup section */
		D492D13719539E7600F4F534 /* InfoPlist.strings */ = {
			isa = PBXVariantGroup;
			children = (
				D492D13819539E7600F4F534 /* en */,
			);
			name = InfoPlist.strings;
			sourceTree = "<group>";
		};
		D492D14019539E7600F4F534 /* Main_iPhone.storyboard */ = {
			isa = PBXVariantGroup;
			children = (
				D492D14119539E7600F4F534 /* Base */,
			);
			name = Main_iPhone.storyboard;
			sourceTree = "<group>";
		};
		D492D14319539E7600F4F534 /* Main_iPad.storyboard */ = {
			isa = PBXVariantGroup;
			children = (
				D492D14419539E7600F4F534 /* Base */,
			);
			name = Main_iPad.storyboard;
			sourceTree = "<group>";
		};
		D492D15919539E7600F4F534 /* InfoPlist.strings */ = {
			isa = PBXVariantGroup;
			children = (
				D492D15A19539E7600F4F534 /* en */,
			);
			name = InfoPlist.strings;
			sourceTree = "<group>";
		};
/* End PBXVariantGroup section */

/* Begin XCBuildConfiguration section */
		D492D15E19539E7600F4F534 /* Debug */ = {
			isa = XCBuildConfiguration;
			buildSettings = {
				ALWAYS_SEARCH_USER_PATHS = NO;
				CLANG_CXX_LANGUAGE_STANDARD = "gnu++0x";
				CLANG_CXX_LIBRARY = "libc++";
				CLANG_ENABLE_MODULES = YES;
				CLANG_ENABLE_OBJC_ARC = YES;
				CLANG_WARN_BOOL_CONVERSION = YES;
				CLANG_WARN_CONSTANT_CONVERSION = YES;
				CLANG_WARN_DIRECT_OBJC_ISA_USAGE = YES_ERROR;
				CLANG_WARN_EMPTY_BODY = YES;
				CLANG_WARN_ENUM_CONVERSION = YES;
				CLANG_WARN_INT_CONVERSION = YES;
				CLANG_WARN_OBJC_ROOT_CLASS = YES_ERROR;
				CLANG_WARN__DUPLICATE_METHOD_MATCH = YES;
				"CODE_SIGN_IDENTITY[sdk=iphoneos*]" = "iPhone Developer";
				COPY_PHASE_STRIP = NO;
				GCC_C_LANGUAGE_STANDARD = gnu99;
				GCC_DYNAMIC_NO_PIC = NO;
				GCC_OPTIMIZATION_LEVEL = 0;
				GCC_PREPROCESSOR_DEFINITIONS = (
					"DEBUG=1",
					"$(inherited)",
				);
				GCC_SYMBOLS_PRIVATE_EXTERN = NO;
				GCC_WARN_64_TO_32_BIT_CONVERSION = YES;
				GCC_WARN_ABOUT_RETURN_TYPE = YES_ERROR;
				GCC_WARN_UNDECLARED_SELECTOR = YES;
				GCC_WARN_UNINITIALIZED_AUTOS = YES_AGGRESSIVE;
				GCC_WARN_UNUSED_FUNCTION = YES;
				GCC_WARN_UNUSED_VARIABLE = YES;
				IPHONEOS_DEPLOYMENT_TARGET = 7.1;
				ONLY_ACTIVE_ARCH = YES;
				SDKROOT = iphoneos;
				TARGETED_DEVICE_FAMILY = "1,2";
			};
			name = Debug;
		};
		D492D15F19539E7600F4F534 /* Release */ = {
			isa = XCBuildConfiguration;
			buildSettings = {
				ALWAYS_SEARCH_USER_PATHS = NO;
				CLANG_CXX_LANGUAGE_STANDARD = "gnu++0x";
				CLANG_CXX_LIBRARY = "libc++";
				CLANG_ENABLE_MODULES = YES;
				CLANG_ENABLE_OBJC_ARC = YES;
				CLANG_WARN_BOOL_CONVERSION = YES;
				CLANG_WARN_CONSTANT_CONVERSION = YES;
				CLANG_WARN_DIRECT_OBJC_ISA_USAGE = YES_ERROR;
				CLANG_WARN_EMPTY_BODY = YES;
				CLANG_WARN_ENUM_CONVERSION = YES;
				CLANG_WARN_INT_CONVERSION = YES;
				CLANG_WARN_OBJC_ROOT_CLASS = YES_ERROR;
				CLANG_WARN__DUPLICATE_METHOD_MATCH = YES;
				"CODE_SIGN_IDENTITY[sdk=iphoneos*]" = "iPhone Developer";
				COPY_PHASE_STRIP = YES;
				ENABLE_NS_ASSERTIONS = NO;
				GCC_C_LANGUAGE_STANDARD = gnu99;
				GCC_WARN_64_TO_32_BIT_CONVERSION = YES;
				GCC_WARN_ABOUT_RETURN_TYPE = YES_ERROR;
				GCC_WARN_UNDECLARED_SELECTOR = YES;
				GCC_WARN_UNINITIALIZED_AUTOS = YES_AGGRESSIVE;
				GCC_WARN_UNUSED_FUNCTION = YES;
				GCC_WARN_UNUSED_VARIABLE = YES;
				IPHONEOS_DEPLOYMENT_TARGET = 7.1;
				SDKROOT = iphoneos;
				TARGETED_DEVICE_FAMILY = "1,2";
				VALIDATE_PRODUCT = YES;
			};
			name = Release;
		};
		D492D16119539E7600F4F534 /* Debug */ = {
			isa = XCBuildConfiguration;
			buildSettings = {
				ARCHS = armv7;
				ASSETCATALOG_COMPILER_APPICON_NAME = AppIcon;
				ASSETCATALOG_COMPILER_LAUNCHIMAGE_NAME = LaunchImage;
				CLANG_ENABLE_OBJC_ARC = NO;
				FRAMEWORK_SEARCH_PATHS = (
					"$(inherited)",
					"/Users/charley/src/Keyboard-Cat-Publisher",
					"$(PROJECT_DIR)",
				);
				GCC_PRECOMPILE_PREFIX_HEADER = YES;
				GCC_PREFIX_HEADER = "Teapot Publisher/Teapot Publisher-Prefix.pch";
				INFOPLIST_FILE = "Teapot Publisher/Teapot Publisher-Info.plist";
				PRODUCT_NAME = "$(TARGET_NAME)";
				VALID_ARCHS = armv7;
				WRAPPER_EXTENSION = app;
			};
			name = Debug;
		};
		D492D16219539E7600F4F534 /* Release */ = {
			isa = XCBuildConfiguration;
			buildSettings = {
				ARCHS = armv7;
				ASSETCATALOG_COMPILER_APPICON_NAME = AppIcon;
				ASSETCATALOG_COMPILER_LAUNCHIMAGE_NAME = LaunchImage;
				CLANG_ENABLE_OBJC_ARC = NO;
				FRAMEWORK_SEARCH_PATHS = (
					"$(inherited)",
					"/Users/charley/src/Keyboard-Cat-Publisher",
					"$(PROJECT_DIR)",
				);
				GCC_PRECOMPILE_PREFIX_HEADER = YES;
				GCC_PREFIX_HEADER = "Teapot Publisher/Teapot Publisher-Prefix.pch";
				INFOPLIST_FILE = "Teapot Publisher/Teapot Publisher-Info.plist";
				PRODUCT_NAME = "$(TARGET_NAME)";
				VALID_ARCHS = armv7;
				WRAPPER_EXTENSION = app;
			};
			name = Release;
		};
		D492D16419539E7600F4F534 /* Debug */ = {
			isa = XCBuildConfiguration;
			buildSettings = {
				BUNDLE_LOADER = "$(BUILT_PRODUCTS_DIR)/Teapot Publisher.app/Teapot Publisher";
				FRAMEWORK_SEARCH_PATHS = (
					"$(SDKROOT)/Developer/Library/Frameworks",
					"$(inherited)",
					"$(DEVELOPER_FRAMEWORKS_DIR)",
				);
				GCC_PRECOMPILE_PREFIX_HEADER = YES;
				GCC_PREFIX_HEADER = "Teapot Publisher/Teapot Publisher-Prefix.pch";
				GCC_PREPROCESSOR_DEFINITIONS = (
					"DEBUG=1",
					"$(inherited)",
				);
				INFOPLIST_FILE = "Teapot PublisherTests/Teapot PublisherTests-Info.plist";
				PRODUCT_NAME = "$(TARGET_NAME)";
				TEST_HOST = "$(BUNDLE_LOADER)";
				WRAPPER_EXTENSION = xctest;
			};
			name = Debug;
		};
		D492D16519539E7600F4F534 /* Release */ = {
			isa = XCBuildConfiguration;
			buildSettings = {
				BUNDLE_LOADER = "$(BUILT_PRODUCTS_DIR)/Teapot Publisher.app/Teapot Publisher";
				FRAMEWORK_SEARCH_PATHS = (
					"$(SDKROOT)/Developer/Library/Frameworks",
					"$(inherited)",
					"$(DEVELOPER_FRAMEWORKS_DIR)",
				);
				GCC_PRECOMPILE_PREFIX_HEADER = YES;
				GCC_PREFIX_HEADER = "Teapot Publisher/Teapot Publisher-Prefix.pch";
				INFOPLIST_FILE = "Teapot PublisherTests/Teapot PublisherTests-Info.plist";
				PRODUCT_NAME = "$(TARGET_NAME)";
				TEST_HOST = "$(BUNDLE_LOADER)";
				WRAPPER_EXTENSION = xctest;
			};
			name = Release;
		};
/* End XCBuildConfiguration section */

/* Begin XCConfigurationList section */
		D492D12619539E7600F4F534 /* Build configuration list for PBXProject "Teapot Publisher" */ = {
			isa = XCConfigurationList;
			buildConfigurations = (
				D492D15E19539E7600F4F534 /* Debug */,
				D492D15F19539E7600F4F534 /* Release */,
			);
			defaultConfigurationIsVisible = 0;
			defaultConfigurationName = Release;
		};
		D492D16019539E7600F4F534 /* Build configuration list for PBXNativeTarget "Teapot Publisher" */ = {
			isa = XCConfigurationList;
			buildConfigurations = (
				D492D16119539E7600F4F534 /* Debug */,
				D492D16219539E7600F4F534 /* Release */,
			);
			defaultConfigurationIsVisible = 0;
			defaultConfigurationName = Release;
		};
		D492D16319539E7600F4F534 /* Build configuration list for PBXNativeTarget "Teapot PublisherTests" */ = {
			isa = XCConfigurationList;
			buildConfigurations = (
				D492D16419539E7600F4F534 /* Debug */,
				D492D16519539E7600F4F534 /* Release */,
			);
			defaultConfigurationIsVisible = 0;
			defaultConfigurationName = Release;
		};
/* End XCConfigurationList section */
	};
	rootObject = D492D12319539E7600F4F534 /* Project object */;
}
